
Microsoft Visual Studio Solution File, Format Version 12.00
# Visual Studio 2012
Project("{FAE04EC0-301F-11D3-BF4B-00C04F79EFBC}") = "01.IntegerSquareRoot", "01.IntegerSquareRoot\01.IntegerSquareRoot.csproj", "{8A4EAAA3-FCE6-40A6-ABF3-53A187EF7EB9}"
EndProject
Project("{FAE04EC0-301F-11D3-BF4B-00C04F79EFBC}") = "02.EnterTenNumbers", "02.EnterTenNumbers\02.EnterTenNumbers.csproj", "{44FF4DC1-DAA8-4C1C-91FD-95BCA839A368}"
EndProject
Project("{FAE04EC0-301F-11D3-BF4B-00C04F79EFBC}") = "03.ReadAndPrint", "03.ReadAndPrint\03.ReadAndPrint.csproj", "{C6F31E2B-FBC0-4384-B486-47C39D25D226}"
EndProject
Project("{FAE04EC0-301F-11D3-BF4B-00C04F79EFBC}") = "04.FileDownload", "04.FileDownload\04.FileDownload.csproj", "{094810E3-6DE4-40CF-80D8-58B0B63160DF}"
EndProject
Global
	GlobalSection(SolutionConfigurationPlatforms) = preSolution
		Debug|Any CPU = Debug|Any CPU
		Release|Any CPU = Release|Any CPU
	EndGlobalSection
	GlobalSection(ProjectConfigurationPlatforms) = postSolution
		{8A4EAAA3-FCE6-40A6-ABF3-53A187EF7EB9}.Debug|Any CPU.ActiveCfg = Debug|Any CPU
		{8A4EAAA3-FCE6-40A6-ABF3-53A187EF7EB9}.Debug|Any CPU.Build.0 = Debug|Any CPU
		{8A4EAAA3-FCE6-40A6-ABF3-53A187EF7EB9}.Release|Any CPU.ActiveCfg = Release|Any CPU
		{8A4EAAA3-FCE6-40A6-ABF3-53A187EF7EB9}.Release|Any CPU.Build.0 = Release|Any CPU
		{44FF4DC1-DAA8-4C1C-91FD-95BCA839A368}.Debug|Any CPU.ActiveCfg = Debug|Any CPU
		{44FF4DC1-DAA8-4C1C-91FD-95BCA839A368}.Debug|Any CPU.Build.0 = Debug|Any CPU
		{44FF4DC1-DAA8-4C1C-91FD-95BCA839A368}.Release|Any CPU.ActiveCfg = Release|Any CPU
		{44FF4DC1-DAA8-4C1C-91FD-95BCA839A368}.Release|Any CPU.Build.0 = Release|Any CPU
		{C6F31E2B-FBC0-4384-B486-47C39D25D226}.Debug|Any CPU.ActiveCfg = Debug|Any CPU
		{C6F31E2B-FBC0-4384-B486-47C39D25D226}.Debug|Any CPU.Build.0 = Debug|Any CPU
		{C6F31E2B-FBC0-4384-B486-47C39D25D226}.Release|Any CPU.ActiveCfg = Release|Any CPU
		{C6F31E2B-FBC0-4384-B486-47C39D25D226}.Release|Any CPU.Build.0 = Release|Any CPU
		{094810E3-6DE4-40CF-80D8-58B0B63160DF}.Debug|Any CPU.ActiveCfg = Debug|Any CPU
		{094810E3-6DE4-40CF-80D8-58B0B63160DF}.Debug|Any CPU.Build.0 = Debug|Any CPU
		{094810E3-6DE4-40CF-80D8-58B0B63160DF}.Release|Any CPU.ActiveCfg = Release|Any CPU
		{094810E3-6DE4-40CF-80D8-58B0B63160DF}.Release|Any CPU.Build.0 = Release|Any CPU
	EndGlobalSection
	GlobalSection(SolutionProperties) = preSolution
		HideSolutionNode = FALSE
	EndGlobalSection
EndGlobal
