
Microsoft Visual Studio Solution File, Format Version 12.00
# Visual Studio 2012
Project("{FAE04EC0-301F-11D3-BF4B-00C04F79EFBC}") = "SchoolHierarchy", "SchoolHierarchy\SchoolHierarchy.csproj", "{68C1977D-8CF0-4453-AC78-A0A9AA6A2F57}"
EndProject
Project("{FAE04EC0-301F-11D3-BF4B-00C04F79EFBC}") = "TestSchool", "TestSchool\TestSchool.csproj", "{3FAE1AED-EA73-4715-9389-EDBD8070E30B}"
EndProject
Global
	GlobalSection(SolutionConfigurationPlatforms) = preSolution
		Debug|Any CPU = Debug|Any CPU
		Release|Any CPU = Release|Any CPU
	EndGlobalSection
	GlobalSection(ProjectConfigurationPlatforms) = postSolution
		{68C1977D-8CF0-4453-AC78-A0A9AA6A2F57}.Debug|Any CPU.ActiveCfg = Debug|Any CPU
		{68C1977D-8CF0-4453-AC78-A0A9AA6A2F57}.Debug|Any CPU.Build.0 = Debug|Any CPU
		{68C1977D-8CF0-4453-AC78-A0A9AA6A2F57}.Release|Any CPU.ActiveCfg = Release|Any CPU
		{68C1977D-8CF0-4453-AC78-A0A9AA6A2F57}.Release|Any CPU.Build.0 = Release|Any CPU
		{3FAE1AED-EA73-4715-9389-EDBD8070E30B}.Debug|Any CPU.ActiveCfg = Debug|Any CPU
		{3FAE1AED-EA73-4715-9389-EDBD8070E30B}.Debug|Any CPU.Build.0 = Debug|Any CPU
		{3FAE1AED-EA73-4715-9389-EDBD8070E30B}.Release|Any CPU.ActiveCfg = Release|Any CPU
		{3FAE1AED-EA73-4715-9389-EDBD8070E30B}.Release|Any CPU.Build.0 = Release|Any CPU
	EndGlobalSection
	GlobalSection(SolutionProperties) = preSolution
		HideSolutionNode = FALSE
	EndGlobalSection
EndGlobal
